
Microsoft Visual Studio Solution File, Format Version 12.00
# Visual Studio Version 17
VisualStudioVersion = 17.8.34511.84
MinimumVisualStudioVersion = 10.0.40219.1
Project("{FAE04EC0-301F-11D3-BF4B-00C04F79EFBC}") = "CNCMonitoringSystem", "CNCMonitoringSystem\CNCMonitoringSystem.csproj", "{19246848-38B8-442C-A2BB-6D021DA7BE75}"
EndProject
Global
	GlobalSection(SolutionConfigurationPlatforms) = preSolution
		Debug|Any CPU = Debug|Any CPU
		Release|Any CPU = Release|Any CPU
	EndGlobalSection
	GlobalSection(ProjectConfigurationPlatforms) = postSolution
		{19246848-38B8-442C-A2BB-6D021DA7BE75}.Debug|Any CPU.ActiveCfg = Debug|Any CPU
		{19246848-38B8-442C-A2BB-6D021DA7BE75}.Debug|Any CPU.Build.0 = Debug|Any CPU
		{19246848-38B8-442C-A2BB-6D021DA7BE75}.Release|Any CPU.ActiveCfg = Release|Any CPU
		{19246848-38B8-442C-A2BB-6D021DA7BE75}.Release|Any CPU.Build.0 = Release|Any CPU
	EndGlobalSection
	GlobalSection(SolutionProperties) = preSolution
		HideSolutionNode = FALSE
	EndGlobalSection
	GlobalSection(ExtensibilityGlobals) = postSolution
		SolutionGuid = {E5FFB3BD-37D7-4718-868F-D3858DD96FF6}
	EndGlobalSection
EndGlobal
